
Microsoft Visual Studio Solution File, Format Version 12.00
# Visual Studio Version 17
VisualStudioVersion = 17.10.35013.160
MinimumVisualStudioVersion = 10.0.40219.1
Project("{FAE04EC0-301F-11D3-BF4B-00C04F79EFBC}") = "menor_de_tres", "menor_de_tres\menor_de_tres.csproj", "{2A0985B5-33D0-47BF-AEBC-4CDD9BF63951}"
EndProject
Global
	GlobalSection(SolutionConfigurationPlatforms) = preSolution
		Debug|Any CPU = Debug|Any CPU
		Release|Any CPU = Release|Any CPU
	EndGlobalSection
	GlobalSection(ProjectConfigurationPlatforms) = postSolution
		{2A0985B5-33D0-47BF-AEBC-4CDD9BF63951}.Debug|Any CPU.ActiveCfg = Debug|Any CPU
		{2A0985B5-33D0-47BF-AEBC-4CDD9BF63951}.Debug|Any CPU.Build.0 = Debug|Any CPU
		{2A0985B5-33D0-47BF-AEBC-4CDD9BF63951}.Release|Any CPU.ActiveCfg = Release|Any CPU
		{2A0985B5-33D0-47BF-AEBC-4CDD9BF63951}.Release|Any CPU.Build.0 = Release|Any CPU
	EndGlobalSection
	GlobalSection(SolutionProperties) = preSolution
		HideSolutionNode = FALSE
	EndGlobalSection
	GlobalSection(ExtensibilityGlobals) = postSolution
		SolutionGuid = {87D368F2-179E-4211-98A1-9C38D278B57B}
	EndGlobalSection
EndGlobal
